
Microsoft Visual Studio Solution File, Format Version 12.00
# Visual Studio 15
VisualStudioVersion = 15.0.27428.2037
MinimumVisualStudioVersion = 10.0.40219.1
Project("{FAE04EC0-301F-11D3-BF4B-00C04F79EFBC}") = "ForgingAhead", "ForgingAhead\ForgingAhead.csproj", "{F2A29EB7-C9DE-4CCF-8709-2C45FD282811}"
EndProject
Global
	GlobalSection(SolutionConfigurationPlatforms) = preSolution
		Debug|Any CPU = Debug|Any CPU
		Release|Any CPU = Release|Any CPU
	EndGlobalSection
	GlobalSection(ProjectConfigurationPlatforms) = postSolution
		{F2A29EB7-C9DE-4CCF-8709-2C45FD282811}.Debug|Any CPU.ActiveCfg = Debug|Any CPU
		{F2A29EB7-C9DE-4CCF-8709-2C45FD282811}.Debug|Any CPU.Build.0 = Debug|Any CPU
		{F2A29EB7-C9DE-4CCF-8709-2C45FD282811}.Release|Any CPU.ActiveCfg = Release|Any CPU
		{F2A29EB7-C9DE-4CCF-8709-2C45FD282811}.Release|Any CPU.Build.0 = Release|Any CPU
	EndGlobalSection
	GlobalSection(SolutionProperties) = preSolution
		HideSolutionNode = FALSE
	EndGlobalSection
	GlobalSection(ExtensibilityGlobals) = postSolution
		SolutionGuid = {CD92240A-6A2A-431E-9D93-1F3F0A03FD05}
	EndGlobalSection
EndGlobal
